// !$*UTF8*$!
{
	archiveVersion = 1;
	classes = {
	};
	objectVersion = 50;
	objects = {

/* Begin PBXBuildFile section */
		7605504D262400F8006F2AF4 /* AppDelegate.swift in Sources */ = {isa = PBXBuildFile; fileRef = 7605504C262400F8006F2AF4 /* AppDelegate.swift */; };
		7605504F262400F8006F2AF4 /* SceneDelegate.swift in Sources */ = {isa = PBXBuildFile; fileRef = 7605504E262400F8006F2AF4 /* SceneDelegate.swift */; };
		76055054262400F8006F2AF4 /* Main.storyboard in Resources */ = {isa = PBXBuildFile; fileRef = 76055052262400F8006F2AF4 /* Main.storyboard */; };
		76055056262400F9006F2AF4 /* Assets.xcassets in Resources */ = {isa = PBXBuildFile; fileRef = 76055055262400F9006F2AF4 /* Assets.xcassets */; };
		76055059262400F9006F2AF4 /* LaunchScreen.storyboard in Resources */ = {isa = PBXBuildFile; fileRef = 76055057262400F9006F2AF4 /* LaunchScreen.storyboard */; };
		7605506326240260006F2AF4 /* GoalListViewController.swift in Sources */ = {isa = PBXBuildFile; fileRef = 7605506226240260006F2AF4 /* GoalListViewController.swift */; };
		7605506726240589006F2AF4 /* GoalListTableViewCell.swift in Sources */ = {isa = PBXBuildFile; fileRef = 7605506626240589006F2AF4 /* GoalListTableViewCell.swift */; };
		7605506F26240721006F2AF4 /* Goal.swift in Sources */ = {isa = PBXBuildFile; fileRef = 7605506E26240721006F2AF4 /* Goal.swift */; };
/* End PBXBuildFile section */

/* Begin PBXFileReference section */
		76055049262400F8006F2AF4 /* equateApp 4.0.app */ = {isa = PBXFileReference; explicitFileType = wrapper.application; includeInIndex = 0; path = "equateApp 4.0.app"; sourceTree = BUILT_PRODUCTS_DIR; };
		7605504C262400F8006F2AF4 /* AppDelegate.swift */ = {isa = PBXFileReference; lastKnownFileType = sourcecode.swift; path = AppDelegate.swift; sourceTree = "<group>"; };
		7605504E262400F8006F2AF4 /* SceneDelegate.swift */ = {isa = PBXFileReference; lastKnownFileType = sourcecode.swift; path = SceneDelegate.swift; sourceTree = "<group>"; };
		76055053262400F8006F2AF4 /* Base */ = {isa = PBXFileReference; lastKnownFileType = file.storyboard; name = Base; path = Base.lproj/Main.storyboard; sourceTree = "<group>"; };
		76055055262400F9006F2AF4 /* Assets.xcassets */ = {isa = PBXFileReference; lastKnownFileType = folder.assetcatalog; path = Assets.xcassets; sourceTree = "<group>"; };
		76055058262400F9006F2AF4 /* Base */ = {isa = PBXFileReference; lastKnownFileType = file.storyboard; name = Base; path = Base.lproj/LaunchScreen.storyboard; sourceTree = "<group>"; };
		7605505A262400F9006F2AF4 /* Info.plist */ = {isa = PBXFileReference; lastKnownFileType = text.plist.xml; path = Info.plist; sourceTree = "<group>"; };
		7605506226240260006F2AF4 /* GoalListViewController.swift */ = {isa = PBXFileReference; lastKnownFileType = sourcecode.swift; path = GoalListViewController.swift; sourceTree = "<group>"; };
		7605506626240589006F2AF4 /* GoalListTableViewCell.swift */ = {isa = PBXFileReference; lastKnownFileType = sourcecode.swift; path = GoalListTableViewCell.swift; sourceTree = "<group>"; };
		7605506E26240721006F2AF4 /* Goal.swift */ = {isa = PBXFileReference; lastKnownFileType = sourcecode.swift; path = Goal.swift; sourceTree = "<group>"; };
/* End PBXFileReference section */

/* Begin PBXFrameworksBuildPhase section */
		76055046262400F8006F2AF4 /* Frameworks */ = {
			isa = PBXFrameworksBuildPhase;
			buildActionMask = 2147483647;
			files = (
			);
			runOnlyForDeploymentPostprocessing = 0;
		};
/* End PBXFrameworksBuildPhase section */

/* Begin PBXGroup section */
		76055040262400F8006F2AF4 = {
			isa = PBXGroup;
			children = (
				7605504B262400F8006F2AF4 /* equateApp 4.0 */,
				7605504A262400F8006F2AF4 /* Products */,
			);
			sourceTree = "<group>";
		};
		7605504A262400F8006F2AF4 /* Products */ = {
			isa = PBXGroup;
			children = (
				76055049262400F8006F2AF4 /* equateApp 4.0.app */,
			);
			name = Products;
			sourceTree = "<group>";
		};
		7605504B262400F8006F2AF4 /* equateApp 4.0 */ = {
			isa = PBXGroup;
			children = (
				7605504C262400F8006F2AF4 /* AppDelegate.swift */,
				7605504E262400F8006F2AF4 /* SceneDelegate.swift */,
				7605506226240260006F2AF4 /* GoalListViewController.swift */,
				7605506626240589006F2AF4 /* GoalListTableViewCell.swift */,
				76055052262400F8006F2AF4 /* Main.storyboard */,
				76055055262400F9006F2AF4 /* Assets.xcassets */,
				76055057262400F9006F2AF4 /* LaunchScreen.storyboard */,
				7605505A262400F9006F2AF4 /* Info.plist */,
				7605506E26240721006F2AF4 /* Goal.swift */,
			);
			path = "equateApp 4.0";
			sourceTree = "<group>";
		};
/* End PBXGroup section */

/* Begin PBXNativeTarget section */
		76055048262400F8006F2AF4 /* equateApp 4.0 */ = {
			isa = PBXNativeTarget;
			buildConfigurationList = 7605505D262400F9006F2AF4 /* Build configuration list for PBXNativeTarget "equateApp 4.0" */;
			buildPhases = (
				76055045262400F8006F2AF4 /* Sources */,
				76055046262400F8006F2AF4 /* Frameworks */,
				76055047262400F8006F2AF4 /* Resources */,
			);
			buildRules = (
			);
			dependencies = (
			);
			name = "equateApp 4.0";
			productName = "equateApp 4.0";
			productReference = 76055049262400F8006F2AF4 /* equateApp 4.0.app */;
			productType = "com.apple.product-type.application";
		};
/* End PBXNativeTarget section */

/* Begin PBXProject section */
		76055041262400F8006F2AF4 /* Project object */ = {
			isa = PBXProject;
			attributes = {
				LastSwiftUpdateCheck = 1240;
				LastUpgradeCheck = 1240;
				TargetAttributes = {
					76055048262400F8006F2AF4 = {
						CreatedOnToolsVersion = 12.4;
					};
				};
			};
			buildConfigurationList = 76055044262400F8006F2AF4 /* Build configuration list for PBXProject "equateApp 4.0" */;
			compatibilityVersion = "Xcode 9.3";
			developmentRegion = en;
			hasScannedForEncodings = 0;
			knownRegions = (
				en,
				Base,
			);
			mainGroup = 76055040262400F8006F2AF4;
			productRefGroup = 7605504A262400F8006F2AF4 /* Products */;
			projectDirPath = "";
			projectRoot = "";
			targets = (
				76055048262400F8006F2AF4 /* equateApp 4.0 */,
			);
		};
/* End PBXProject section */

/* Begin PBXResourcesBuildPhase section */
		76055047262400F8006F2AF4 /* Resources */ = {
			isa = PBXResourcesBuildPhase;
			buildActionMask = 2147483647;
			files = (
				76055059262400F9006F2AF4 /* LaunchScreen.storyboard in Resources */,
				76055056262400F9006F2AF4 /* Assets.xcassets in Resources */,
				76055054262400F8006F2AF4 /* Main.storyboard in Resources */,
			);
			runOnlyForDeploymentPostprocessing = 0;
		};
/* End PBXResourcesBuildPhase section */

/* Begin PBXSourcesBuildPhase section */
		76055045262400F8006F2AF4 /* Sources */ = {
			isa = PBXSourcesBuildPhase;
			buildActionMask = 2147483647;
			files = (
				7605506726240589006F2AF4 /* GoalListTableViewCell.swift in Sources */,
				7605506326240260006F2AF4 /* GoalListViewController.swift in Sources */,
				7605504D262400F8006F2AF4 /* AppDelegate.swift in Sources */,
				7605506F26240721006F2AF4 /* Goal.swift in Sources */,
				7605504F262400F8006F2AF4 /* SceneDelegate.swift in Sources */,
			);
			runOnlyForDeploymentPostprocessing = 0;
		};
/* End PBXSourcesBuildPhase section */

/* Begin PBXVariantGroup section */
		76055052262400F8006F2AF4 /* Main.storyboard */ = {
			isa = PBXVariantGroup;
			children = (
				76055053262400F8006F2AF4 /* Base */,
			);
			name = Main.storyboard;
			sourceTree = "<group>";
		};
		76055057262400F9006F2AF4 /* LaunchScreen.storyboard */ = {
			isa = PBXVariantGroup;
			children = (
				76055058262400F9006F2AF4 /* Base */,
			);
			name = LaunchScreen.storyboard;
			sourceTree = "<group>";
		};
/* End PBXVariantGroup section */

/* Begin XCBuildConfiguration section */
		7605505B262400F9006F2AF4 /* Debug */ = {
			isa = XCBuildConfiguration;
			buildSettings = {
				ALWAYS_SEARCH_USER_PATHS = NO;
				CLANG_ANALYZER_NONNULL = YES;
				CLANG_ANALYZER_NUMBER_OBJECT_CONVERSION = YES_AGGRESSIVE;
				CLANG_CXX_LANGUAGE_STANDARD = "gnu++14";
				CLANG_CXX_LIBRARY = "libc++";
				CLANG_ENABLE_MODULES = YES;
				CLANG_ENABLE_OBJC_ARC = YES;
				CLANG_ENABLE_OBJC_WEAK = YES;
				CLANG_WARN_BLOCK_CAPTURE_AUTORELEASING = YES;
				CLANG_WARN_BOOL_CONVERSION = YES;
				CLANG_WARN_COMMA = YES;
				CLANG_WARN_CONSTANT_CONVERSION = YES;
				CLANG_WARN_DEPRECATED_OBJC_IMPLEMENTATIONS = YES;
				CLANG_WARN_DIRECT_OBJC_ISA_USAGE = YES_ERROR;
				CLANG_WARN_DOCUMENTATION_COMMENTS = YES;
				CLANG_WARN_EMPTY_BODY = YES;
				CLANG_WARN_ENUM_CONVERSION = YES;
				CLANG_WARN_INFINITE_RECURSION = YES;
				CLANG_WARN_INT_CONVERSION = YES;
				CLANG_WARN_NON_LITERAL_NULL_CONVERSION = YES;
				CLANG_WARN_OBJC_IMPLICIT_RETAIN_SELF = YES;
				CLANG_WARN_OBJC_LITERAL_CONVERSION = YES;
				CLANG_WARN_OBJC_ROOT_CLASS = YES_ERROR;
				CLANG_WARN_QUOTED_INCLUDE_IN_FRAMEWORK_HEADER = YES;
				CLANG_WARN_RANGE_LOOP_ANALYSIS = YES;
				CLANG_WARN_STRICT_PROTOTYPES = YES;
				CLANG_WARN_SUSPICIOUS_MOVE = YES;
				CLANG_WARN_UNGUARDED_AVAILABILITY = YES_AGGRESSIVE;
				CLANG_WARN_UNREACHABLE_CODE = YES;
				CLANG_WARN__DUPLICATE_METHOD_MATCH = YES;
				COPY_PHASE_STRIP = NO;
				DEBUG_INFORMATION_FORMAT = dwarf;
				ENABLE_STRICT_OBJC_MSGSEND = YES;
				ENABLE_TESTABILITY = YES;
				GCC_C_LANGUAGE_STANDARD = gnu11;
				GCC_DYNAMIC_NO_PIC = NO;
				GCC_NO_COMMON_BLOCKS = YES;
				GCC_OPTIMIZATION_LEVEL = 0;
				GCC_PREPROCESSOR_DEFINITIONS = (
					"DEBUG=1",
					"$(inherited)",
				);
				GCC_WARN_64_TO_32_BIT_CONVERSION = YES;
				GCC_WARN_ABOUT_RETURN_TYPE = YES_ERROR;
				GCC_WARN_UNDECLARED_SELECTOR = YES;
				GCC_WARN_UNINITIALIZED_AUTOS = YES_AGGRESSIVE;
				GCC_WARN_UNUSED_FUNCTION = YES;
				GCC_WARN_UNUSED_VARIABLE = YES;
				IPHONEOS_DEPLOYMENT_TARGET = 14.4;
				MTL_ENABLE_DEBUG_INFO = INCLUDE_SOURCE;
				MTL_FAST_MATH = YES;
				ONLY_ACTIVE_ARCH = YES;
				SDKROOT = iphoneos;
				SWIFT_ACTIVE_COMPILATION_CONDITIONS = DEBUG;
				SWIFT_OPTIMIZATION_LEVEL = "-Onone";
			};
			name = Debug;
		};
		7605505C262400F9006F2AF4 /* Release */ = {
			isa = XCBuildConfiguration;
			buildSettings = {
				ALWAYS_SEARCH_USER_PATHS = NO;
				CLANG_ANALYZER_NONNULL = YES;
				CLANG_ANALYZER_NUMBER_OBJECT_CONVERSION = YES_AGGRESSIVE;
				CLANG_CXX_LANGUAGE_STANDARD = "gnu++14";
				CLANG_CXX_LIBRARY = "libc++";
				CLANG_ENABLE_MODULES = YES;
				CLANG_ENABLE_OBJC_ARC = YES;
				CLANG_ENABLE_OBJC_WEAK = YES;
				CLANG_WARN_BLOCK_CAPTURE_AUTORELEASING = YES;
				CLANG_WARN_BOOL_CONVERSION = YES;
				CLANG_WARN_COMMA = YES;
				CLANG_WARN_CONSTANT_CONVERSION = YES;
				CLANG_WARN_DEPRECATED_OBJC_IMPLEMENTATIONS = YES;
				CLANG_WARN_DIRECT_OBJC_ISA_USAGE = YES_ERROR;
				CLANG_WARN_DOCUMENTATION_COMMENTS = YES;
				CLANG_WARN_EMPTY_BODY = YES;
				CLANG_WARN_ENUM_CONVERSION = YES;
				CLANG_WARN_INFINITE_RECURSION = YES;
				CLANG_WARN_INT_CONVERSION = YES;
				CLANG_WARN_NON_LITERAL_NULL_CONVERSION = YES;
				CLANG_WARN_OBJC_IMPLICIT_RETAIN_SELF = YES;
				CLANG_WARN_OBJC_LITERAL_CONVERSION = YES;
				CLANG_WARN_OBJC_ROOT_CLASS = YES_ERROR;
				CLANG_WARN_QUOTED_INCLUDE_IN_FRAMEWORK_HEADER = YES;
				CLANG_WARN_RANGE_LOOP_ANALYSIS = YES;
				CLANG_WARN_STRICT_PROTOTYPES = YES;
				CLANG_WARN_SUSPICIOUS_MOVE = YES;
				CLANG_WARN_UNGUARDED_AVAILABILITY = YES_AGGRESSIVE;
				CLANG_WARN_UNREACHABLE_CODE = YES;
				CLANG_WARN__DUPLICATE_METHOD_MATCH = YES;
				COPY_PHASE_STRIP = NO;
				DEBUG_INFORMATION_FORMAT = "dwarf-with-dsym";
				ENABLE_NS_ASSERTIONS = NO;
				ENABLE_STRICT_OBJC_MSGSEND = YES;
				GCC_C_LANGUAGE_STANDARD = gnu11;
				GCC_NO_COMMON_BLOCKS = YES;
				GCC_WARN_64_TO_32_BIT_CONVERSION = YES;
				GCC_WARN_ABOUT_RETURN_TYPE = YES_ERROR;
				GCC_WARN_UNDECLARED_SELECTOR = YES;
				GCC_WARN_UNINITIALIZED_AUTOS = YES_AGGRESSIVE;
				GCC_WARN_UNUSED_FUNCTION = YES;
				GCC_WARN_UNUSED_VARIABLE = YES;
				IPHONEOS_DEPLOYMENT_TARGET = 14.4;
				MTL_ENABLE_DEBUG_INFO = NO;
				MTL_FAST_MATH = YES;
				SDKROOT = iphoneos;
				SWIFT_COMPILATION_MODE = wholemodule;
				SWIFT_OPTIMIZATION_LEVEL = "-O";
				VALIDATE_PRODUCT = YES;
			};
			name = Release;
		};
		7605505E262400F9006F2AF4 /* Debug */ = {
			isa = XCBuildConfiguration;
			buildSettings = {
				ASSETCATALOG_COMPILER_APPICON_NAME = AppIcon;
				ASSETCATALOG_COMPILER_GLOBAL_ACCENT_COLOR_NAME = AccentColor;
				CODE_SIGN_STYLE = Automatic;
				INFOPLIST_FILE = "equateApp 4.0/Info.plist";
				LD_RUNPATH_SEARCH_PATHS = (
					"$(inherited)",
					"@executable_path/Frameworks",
				);
				PRODUCT_BUNDLE_IDENTIFIER = "apple.shofi.equateApp-4-0";
				PRODUCT_NAME = "$(TARGET_NAME)";
				SWIFT_VERSION = 5.0;
				TARGETED_DEVICE_FAMILY = "1,2";
			};
			name = Debug;
		};
		7605505F262400F9006F2AF4 /* Release */ = {
			isa = XCBuildConfiguration;
			buildSettings = {
				ASSETCATALOG_COMPILER_APPICON_NAME = AppIcon;
				ASSETCATALOG_COMPILER_GLOBAL_ACCENT_COLOR_NAME = AccentColor;
				CODE_SIGN_STYLE = Automatic;
				INFOPLIST_FILE = "equateApp 4.0/Info.plist";
				LD_RUNPATH_SEARCH_PATHS = (
					"$(inherited)",
					"@executable_path/Frameworks",
				);
				PRODUCT_BUNDLE_IDENTIFIER = "apple.shofi.equateApp-4-0";
				PRODUCT_NAME = "$(TARGET_NAME)";
				SWIFT_VERSION = 5.0;
				TARGETED_DEVICE_FAMILY = "1,2";
			};
			name = Release;
		};
/* End XCBuildConfiguration section */

/* Begin XCConfigurationList section */
		76055044262400F8006F2AF4 /* Build configuration list for PBXProject "equateApp 4.0" */ = {
			isa = XCConfigurationList;
			buildConfigurations = (
				7605505B262400F9006F2AF4 /* Debug */,
				7605505C262400F9006F2AF4 /* Release */,
			);
			defaultConfigurationIsVisible = 0;
			defaultConfigurationName = Release;
		};
		7605505D262400F9006F2AF4 /* Build configuration list for PBXNativeTarget "equateApp 4.0" */ = {
			isa = XCConfigurationList;
			buildConfigurations = (
				7605505E262400F9006F2AF4 /* Debug */,
				7605505F262400F9006F2AF4 /* Release */,
			);
			defaultConfigurationIsVisible = 0;
			defaultConfigurationName = Release;
		};
/* End XCConfigurationList section */
	};
	rootObject = 76055041262400F8006F2AF4 /* Project object */;
}
